// !$*UTF8*$!
{
	archiveVersion = 1;
	classes = {
	};
	objectVersion = 56;
	objects = {

/* Begin PBXBuildFile section */
		114337C62BAF5BFC008B0928 /* AddScreenViewController.swift in Sources */ = {isa = PBXBuildFile; fileRef = 114337C52BAF5BFC008B0928 /* AddScreenViewController.swift */; };
		114337C82BAF5C10008B0928 /* AddScreenPresenter.swift in Sources */ = {isa = PBXBuildFile; fileRef = 114337C72BAF5C10008B0928 /* AddScreenPresenter.swift */; };
		114337CC2BAF7996008B0928 /* UserModel.xcdatamodeld in Sources */ = {isa = PBXBuildFile; fileRef = 114337CA2BAF7996008B0928 /* UserModel.xcdatamodeld */; };
		114337CF2BAF7A0B008B0928 /* CoreDataManager.swift in Sources */ = {isa = PBXBuildFile; fileRef = 114337CE2BAF7A0B008B0928 /* CoreDataManager.swift */; };
		11C5A4CE2BAB65E5009877A7 /* FirstScreenModel.swift in Sources */ = {isa = PBXBuildFile; fileRef = 11C5A4CD2BAB65E5009877A7 /* FirstScreenModel.swift */; };
		11C5A4D82BAB6A62009877A7 /* FirstViewController.swift in Sources */ = {isa = PBXBuildFile; fileRef = 11C5A4D72BAB6A61009877A7 /* FirstViewController.swift */; };
		11C5A4DA2BAB6AF4009877A7 /* FirstScreenViewControllerWrapper.swift in Sources */ = {isa = PBXBuildFile; fileRef = 11C5A4D92BAB6AF4009877A7 /* FirstScreenViewControllerWrapper.swift */; };
		7B27CABA2BAA2E84005EF785 /* AppDelegate.swift in Sources */ = {isa = PBXBuildFile; fileRef = 7B27CAB92BAA2E84005EF785 /* AppDelegate.swift */; };
		7B27CABC2BAA2E84005EF785 /* SceneDelegate.swift in Sources */ = {isa = PBXBuildFile; fileRef = 7B27CABB2BAA2E84005EF785 /* SceneDelegate.swift */; };
		7B27CABE2BAA2E84005EF785 /* MainTabBarController.swift in Sources */ = {isa = PBXBuildFile; fileRef = 7B27CABD2BAA2E84005EF785 /* MainTabBarController.swift */; };
		7B27CAC32BAA2E86005EF785 /* Assets.xcassets in Resources */ = {isa = PBXBuildFile; fileRef = 7B27CAC22BAA2E86005EF785 /* Assets.xcassets */; };
		7B27CAC62BAA2E86005EF785 /* Base in Resources */ = {isa = PBXBuildFile; fileRef = 7B27CAC52BAA2E86005EF785 /* Base */; };
		FB9ED3822BAB50360017C254 /* CriptoTableViewCell.swift in Sources */ = {isa = PBXBuildFile; fileRef = FB9ED3812BAB50360017C254 /* CriptoTableViewCell.swift */; };
		FB9ED3842BAB53240017C254 /* Extensions.swift in Sources */ = {isa = PBXBuildFile; fileRef = FB9ED3832BAB53240017C254 /* Extensions.swift */; };
		FBC79BD72BADBA2200F98F48 /* NetworkManager.swift in Sources */ = {isa = PBXBuildFile; fileRef = FBC79BD62BADBA2200F98F48 /* NetworkManager.swift */; };
		FBC79BD92BADBA3B00F98F48 /* ModelCoin.swift in Sources */ = {isa = PBXBuildFile; fileRef = FBC79BD82BADBA3B00F98F48 /* ModelCoin.swift */; };
		FBC79BDC2BADBB2200F98F48 /* Alamofire in Frameworks */ = {isa = PBXBuildFile; productRef = FBC79BDB2BADBB2200F98F48 /* Alamofire */; };
		FBC79BDE2BADBB2200F98F48 /* AlamofireDynamic in Frameworks */ = {isa = PBXBuildFile; productRef = FBC79BDD2BADBB2200F98F48 /* AlamofireDynamic */; };
		FBC79BE02BADBDE100F98F48 /* SeconScreenPresenter.swift in Sources */ = {isa = PBXBuildFile; fileRef = FBC79BDF2BADBDE100F98F48 /* SeconScreenPresenter.swift */; };
		FFA66F182BAB115100D94686 /* SecondViewController.swift in Sources */ = {isa = PBXBuildFile; fileRef = FFA66F172BAB115100D94686 /* SecondViewController.swift */; };
		FFA66F1A2BAB115F00D94686 /* ThirdViewController.swift in Sources */ = {isa = PBXBuildFile; fileRef = FFA66F192BAB115F00D94686 /* ThirdViewController.swift */; };
/* End PBXBuildFile section */

/* Begin PBXFileReference section */
		114337C52BAF5BFC008B0928 /* AddScreenViewController.swift */ = {isa = PBXFileReference; lastKnownFileType = sourcecode.swift; path = AddScreenViewController.swift; sourceTree = "<group>"; };
		114337C72BAF5C10008B0928 /* AddScreenPresenter.swift */ = {isa = PBXFileReference; lastKnownFileType = sourcecode.swift; path = AddScreenPresenter.swift; sourceTree = "<group>"; };
		114337CB2BAF7996008B0928 /* UserModel.xcdatamodel */ = {isa = PBXFileReference; lastKnownFileType = wrapper.xcdatamodel; path = UserModel.xcdatamodel; sourceTree = "<group>"; };
		114337CE2BAF7A0B008B0928 /* CoreDataManager.swift */ = {isa = PBXFileReference; lastKnownFileType = sourcecode.swift; path = CoreDataManager.swift; sourceTree = "<group>"; };
		11C5A4CD2BAB65E5009877A7 /* FirstScreenModel.swift */ = {isa = PBXFileReference; lastKnownFileType = sourcecode.swift; path = FirstScreenModel.swift; sourceTree = "<group>"; };
		11C5A4D72BAB6A61009877A7 /* FirstViewController.swift */ = {isa = PBXFileReference; lastKnownFileType = sourcecode.swift; path = FirstViewController.swift; sourceTree = "<group>"; };
		11C5A4D92BAB6AF4009877A7 /* FirstScreenViewControllerWrapper.swift */ = {isa = PBXFileReference; lastKnownFileType = sourcecode.swift; path = FirstScreenViewControllerWrapper.swift; sourceTree = "<group>"; };
		7B27CAB62BAA2E84005EF785 /* Team Project.app */ = {isa = PBXFileReference; explicitFileType = wrapper.application; includeInIndex = 0; path = "Team Project.app"; sourceTree = BUILT_PRODUCTS_DIR; };
		7B27CAB92BAA2E84005EF785 /* AppDelegate.swift */ = {isa = PBXFileReference; lastKnownFileType = sourcecode.swift; path = AppDelegate.swift; sourceTree = "<group>"; };
		7B27CABB2BAA2E84005EF785 /* SceneDelegate.swift */ = {isa = PBXFileReference; lastKnownFileType = sourcecode.swift; path = SceneDelegate.swift; sourceTree = "<group>"; };
		7B27CABD2BAA2E84005EF785 /* MainTabBarController.swift */ = {isa = PBXFileReference; lastKnownFileType = sourcecode.swift; path = MainTabBarController.swift; sourceTree = "<group>"; };
		7B27CAC22BAA2E86005EF785 /* Assets.xcassets */ = {isa = PBXFileReference; lastKnownFileType = folder.assetcatalog; path = Assets.xcassets; sourceTree = "<group>"; };
		7B27CAC52BAA2E86005EF785 /* Base */ = {isa = PBXFileReference; lastKnownFileType = file.storyboard; name = Base; path = Base.lproj/LaunchScreen.storyboard; sourceTree = "<group>"; };
		7B27CAC72BAA2E86005EF785 /* Info.plist */ = {isa = PBXFileReference; lastKnownFileType = text.plist.xml; path = Info.plist; sourceTree = "<group>"; };
		FB9ED3812BAB50360017C254 /* CriptoTableViewCell.swift */ = {isa = PBXFileReference; lastKnownFileType = sourcecode.swift; path = CriptoTableViewCell.swift; sourceTree = "<group>"; };
		FB9ED3832BAB53240017C254 /* Extensions.swift */ = {isa = PBXFileReference; lastKnownFileType = sourcecode.swift; path = Extensions.swift; sourceTree = "<group>"; };
		FBC79BD62BADBA2200F98F48 /* NetworkManager.swift */ = {isa = PBXFileReference; lastKnownFileType = sourcecode.swift; path = NetworkManager.swift; sourceTree = "<group>"; };
		FBC79BD82BADBA3B00F98F48 /* ModelCoin.swift */ = {isa = PBXFileReference; lastKnownFileType = sourcecode.swift; path = ModelCoin.swift; sourceTree = "<group>"; };
		FBC79BDF2BADBDE100F98F48 /* SeconScreenPresenter.swift */ = {isa = PBXFileReference; lastKnownFileType = sourcecode.swift; path = SeconScreenPresenter.swift; sourceTree = "<group>"; };
		FFA66F172BAB115100D94686 /* SecondViewController.swift */ = {isa = PBXFileReference; lastKnownFileType = sourcecode.swift; path = SecondViewController.swift; sourceTree = "<group>"; };
		FFA66F192BAB115F00D94686 /* ThirdViewController.swift */ = {isa = PBXFileReference; lastKnownFileType = sourcecode.swift; path = ThirdViewController.swift; sourceTree = "<group>"; };
		FFD192F82BAE100D00B8EBF9 /* Inter.ttf */ = {isa = PBXFileReference; lastKnownFileType = file; path = Inter.ttf; sourceTree = "<group>"; };
/* End PBXFileReference section */

/* Begin PBXFrameworksBuildPhase section */
		7B27CAB32BAA2E84005EF785 /* Frameworks */ = {
			isa = PBXFrameworksBuildPhase;
			buildActionMask = 2147483647;
			files = (
				FBC79BDC2BADBB2200F98F48 /* Alamofire in Frameworks */,
				FBC79BDE2BADBB2200F98F48 /* AlamofireDynamic in Frameworks */,
			);
			runOnlyForDeploymentPostprocessing = 0;
		};
/* End PBXFrameworksBuildPhase section */

/* Begin PBXGroup section */
		114337C42BAF5BCF008B0928 /* Add ScreenVC + CoreData */ = {
			isa = PBXGroup;
			children = (
				114337CD2BAF79F6008B0928 /* CoreDataManager */,
				114337C52BAF5BFC008B0928 /* AddScreenViewController.swift */,
				114337C72BAF5C10008B0928 /* AddScreenPresenter.swift */,
			);
			path = "Add ScreenVC + CoreData";
			sourceTree = "<group>";
		};
		114337CD2BAF79F6008B0928 /* CoreDataManager */ = {
			isa = PBXGroup;
			children = (
				114337CA2BAF7996008B0928 /* UserModel.xcdatamodeld */,
				114337CE2BAF7A0B008B0928 /* CoreDataManager.swift */,
			);
			path = CoreDataManager;
			sourceTree = "<group>";
		};
		114337D02BB04926008B0928 /* FirstMainScreen */ = {
			isa = PBXGroup;
			children = (
				11C5A4CD2BAB65E5009877A7 /* FirstScreenModel.swift */,
				11C5A4D92BAB6AF4009877A7 /* FirstScreenViewControllerWrapper.swift */,
				11C5A4D72BAB6A61009877A7 /* FirstViewController.swift */,
			);
			path = FirstMainScreen;
			sourceTree = "<group>";
		};
		11C5A4CC2BAB65BF009877A7 /* First Screen */ = {
			isa = PBXGroup;
			children = (
				114337D02BB04926008B0928 /* FirstMainScreen */,
				114337C42BAF5BCF008B0928 /* Add ScreenVC + CoreData */,
			);
			path = "First Screen";
			sourceTree = "<group>";
		};
		7B27CAAD2BAA2E84005EF785 = {
			isa = PBXGroup;
			children = (
				7B27CAB82BAA2E84005EF785 /* Team Project */,
				7B27CAB72BAA2E84005EF785 /* Products */,
			);
			sourceTree = "<group>";
		};
		7B27CAB72BAA2E84005EF785 /* Products */ = {
			isa = PBXGroup;
			children = (
				7B27CAB62BAA2E84005EF785 /* Team Project.app */,
			);
			name = Products;
			sourceTree = "<group>";
		};
		7B27CAB82BAA2E84005EF785 /* Team Project */ = {
			isa = PBXGroup;
			children = (
				FFD192F72BAE0FFE00B8EBF9 /* Font */,
				11C5A4CC2BAB65BF009877A7 /* First Screen */,
				7B27CAB92BAA2E84005EF785 /* AppDelegate.swift */,
				7B27CABB2BAA2E84005EF785 /* SceneDelegate.swift */,
				7B27CABD2BAA2E84005EF785 /* MainTabBarController.swift */,
				7B27CAC22BAA2E86005EF785 /* Assets.xcassets */,
				7B27CAC42BAA2E86005EF785 /* LaunchScreen.storyboard */,
				7B27CAC72BAA2E86005EF785 /* Info.plist */,
				FB60B3EC2BAC315300C5B481 /* Second Screen */,
				FFA66F192BAB115F00D94686 /* ThirdViewController.swift */,
				FB9ED3832BAB53240017C254 /* Extensions.swift */,
				FBC79BD62BADBA2200F98F48 /* NetworkManager.swift */,
				FBC79BD82BADBA3B00F98F48 /* ModelCoin.swift */,
			);
			path = "Team Project";
			sourceTree = "<group>";
		};
		FB60B3EC2BAC315300C5B481 /* Second Screen */ = {
			isa = PBXGroup;
			children = (
				FFA66F172BAB115100D94686 /* SecondViewController.swift */,
				FB9ED3812BAB50360017C254 /* CriptoTableViewCell.swift */,
				FBC79BDF2BADBDE100F98F48 /* SeconScreenPresenter.swift */,
			);
			path = "Second Screen";
			sourceTree = "<group>";
		};
		FFD192F72BAE0FFE00B8EBF9 /* Font */ = {
			isa = PBXGroup;
			children = (
				FFD192F82BAE100D00B8EBF9 /* Inter.ttf */,
			);
			path = Font;
			sourceTree = "<group>";
		};
/* End PBXGroup section */

/* Begin PBXNativeTarget section */
		7B27CAB52BAA2E84005EF785 /* Team Project */ = {
			isa = PBXNativeTarget;
			buildConfigurationList = 7B27CACA2BAA2E86005EF785 /* Build configuration list for PBXNativeTarget "Team Project" */;
			buildPhases = (
				7B27CAB22BAA2E84005EF785 /* Sources */,
				7B27CAB32BAA2E84005EF785 /* Frameworks */,
				7B27CAB42BAA2E84005EF785 /* Resources */,
			);
			buildRules = (
			);
			dependencies = (
			);
			name = "Team Project";
			packageProductDependencies = (
				FBC79BDB2BADBB2200F98F48 /* Alamofire */,
				FBC79BDD2BADBB2200F98F48 /* AlamofireDynamic */,
			);
			productName = "Team Project";
			productReference = 7B27CAB62BAA2E84005EF785 /* Team Project.app */;
			productType = "com.apple.product-type.application";
		};
/* End PBXNativeTarget section */

/* Begin PBXProject section */
		7B27CAAE2BAA2E84005EF785 /* Project object */ = {
			isa = PBXProject;
			attributes = {
				BuildIndependentTargetsInParallel = 1;
				LastSwiftUpdateCheck = 1530;
				LastUpgradeCheck = 1530;
				TargetAttributes = {
					7B27CAB52BAA2E84005EF785 = {
						CreatedOnToolsVersion = 15.3;
					};
				};
			};
			buildConfigurationList = 7B27CAB12BAA2E84005EF785 /* Build configuration list for PBXProject "Team Project" */;
			compatibilityVersion = "Xcode 14.0";
			developmentRegion = en;
			hasScannedForEncodings = 0;
			knownRegions = (
				en,
				Base,
			);
			mainGroup = 7B27CAAD2BAA2E84005EF785;
			packageReferences = (
				FBC79BDA2BADBB2200F98F48 /* XCRemoteSwiftPackageReference "Alamofire" */,
			);
			productRefGroup = 7B27CAB72BAA2E84005EF785 /* Products */;
			projectDirPath = "";
			projectRoot = "";
			targets = (
				7B27CAB52BAA2E84005EF785 /* Team Project */,
			);
		};
/* End PBXProject section */

/* Begin PBXResourcesBuildPhase section */
		7B27CAB42BAA2E84005EF785 /* Resources */ = {
			isa = PBXResourcesBuildPhase;
			buildActionMask = 2147483647;
			files = (
				7B27CAC32BAA2E86005EF785 /* Assets.xcassets in Resources */,
				7B27CAC62BAA2E86005EF785 /* Base in Resources */,
			);
			runOnlyForDeploymentPostprocessing = 0;
		};
/* End PBXResourcesBuildPhase section */

/* Begin PBXSourcesBuildPhase section */
		7B27CAB22BAA2E84005EF785 /* Sources */ = {
			isa = PBXSourcesBuildPhase;
			buildActionMask = 2147483647;
			files = (
				7B27CABE2BAA2E84005EF785 /* MainTabBarController.swift in Sources */,
				11C5A4CE2BAB65E5009877A7 /* FirstScreenModel.swift in Sources */,
				7B27CABA2BAA2E84005EF785 /* AppDelegate.swift in Sources */,
				FBC79BE02BADBDE100F98F48 /* SeconScreenPresenter.swift in Sources */,
				114337C82BAF5C10008B0928 /* AddScreenPresenter.swift in Sources */,
				FBC79BD72BADBA2200F98F48 /* NetworkManager.swift in Sources */,
				114337CF2BAF7A0B008B0928 /* CoreDataManager.swift in Sources */,
				11C5A4D82BAB6A62009877A7 /* FirstViewController.swift in Sources */,
				11C5A4DA2BAB6AF4009877A7 /* FirstScreenViewControllerWrapper.swift in Sources */,
				7B27CABC2BAA2E84005EF785 /* SceneDelegate.swift in Sources */,
				FB9ED3842BAB53240017C254 /* Extensions.swift in Sources */,
				FFA66F182BAB115100D94686 /* SecondViewController.swift in Sources */,
				FB9ED3822BAB50360017C254 /* CriptoTableViewCell.swift in Sources */,
				FBC79BD92BADBA3B00F98F48 /* ModelCoin.swift in Sources */,
				FFA66F1A2BAB115F00D94686 /* ThirdViewController.swift in Sources */,
				114337CC2BAF7996008B0928 /* UserModel.xcdatamodeld in Sources */,
				114337C62BAF5BFC008B0928 /* AddScreenViewController.swift in Sources */,
			);
			runOnlyForDeploymentPostprocessing = 0;
		};
/* End PBXSourcesBuildPhase section */

/* Begin PBXVariantGroup section */
		7B27CAC42BAA2E86005EF785 /* LaunchScreen.storyboard */ = {
			isa = PBXVariantGroup;
			children = (
				7B27CAC52BAA2E86005EF785 /* Base */,
			);
			name = LaunchScreen.storyboard;
			sourceTree = "<group>";
		};
/* End PBXVariantGroup section */

/* Begin XCBuildConfiguration section */
		7B27CAC82BAA2E86005EF785 /* Debug */ = {
			isa = XCBuildConfiguration;
			buildSettings = {
				ALWAYS_SEARCH_USER_PATHS = NO;
				ASSETCATALOG_COMPILER_GENERATE_SWIFT_ASSET_SYMBOL_EXTENSIONS = YES;
				CLANG_ANALYZER_NONNULL = YES;
				CLANG_ANALYZER_NUMBER_OBJECT_CONVERSION = YES_AGGRESSIVE;
				CLANG_CXX_LANGUAGE_STANDARD = "gnu++20";
				CLANG_ENABLE_MODULES = YES;
				CLANG_ENABLE_OBJC_ARC = YES;
				CLANG_ENABLE_OBJC_WEAK = YES;
				CLANG_WARN_BLOCK_CAPTURE_AUTORELEASING = YES;
				CLANG_WARN_BOOL_CONVERSION = YES;
				CLANG_WARN_COMMA = YES;
				CLANG_WARN_CONSTANT_CONVERSION = YES;
				CLANG_WARN_DEPRECATED_OBJC_IMPLEMENTATIONS = YES;
				CLANG_WARN_DIRECT_OBJC_ISA_USAGE = YES_ERROR;
				CLANG_WARN_DOCUMENTATION_COMMENTS = YES;
				CLANG_WARN_EMPTY_BODY = YES;
				CLANG_WARN_ENUM_CONVERSION = YES;
				CLANG_WARN_INFINITE_RECURSION = YES;
				CLANG_WARN_INT_CONVERSION = YES;
				CLANG_WARN_NON_LITERAL_NULL_CONVERSION = YES;
				CLANG_WARN_OBJC_IMPLICIT_RETAIN_SELF = YES;
				CLANG_WARN_OBJC_LITERAL_CONVERSION = YES;
				CLANG_WARN_OBJC_ROOT_CLASS = YES_ERROR;
				CLANG_WARN_QUOTED_INCLUDE_IN_FRAMEWORK_HEADER = YES;
				CLANG_WARN_RANGE_LOOP_ANALYSIS = YES;
				CLANG_WARN_STRICT_PROTOTYPES = YES;
				CLANG_WARN_SUSPICIOUS_MOVE = YES;
				CLANG_WARN_UNGUARDED_AVAILABILITY = YES_AGGRESSIVE;
				CLANG_WARN_UNREACHABLE_CODE = YES;
				CLANG_WARN__DUPLICATE_METHOD_MATCH = YES;
				COPY_PHASE_STRIP = NO;
				DEBUG_INFORMATION_FORMAT = dwarf;
				ENABLE_STRICT_OBJC_MSGSEND = YES;
				ENABLE_TESTABILITY = YES;
				ENABLE_USER_SCRIPT_SANDBOXING = YES;
				GCC_C_LANGUAGE_STANDARD = gnu17;
				GCC_DYNAMIC_NO_PIC = NO;
				GCC_NO_COMMON_BLOCKS = YES;
				GCC_OPTIMIZATION_LEVEL = 0;
				GCC_PREPROCESSOR_DEFINITIONS = (
					"DEBUG=1",
					"$(inherited)",
				);
				GCC_WARN_64_TO_32_BIT_CONVERSION = YES;
				GCC_WARN_ABOUT_RETURN_TYPE = YES_ERROR;
				GCC_WARN_UNDECLARED_SELECTOR = YES;
				GCC_WARN_UNINITIALIZED_AUTOS = YES_AGGRESSIVE;
				GCC_WARN_UNUSED_FUNCTION = YES;
				GCC_WARN_UNUSED_VARIABLE = YES;
				IPHONEOS_DEPLOYMENT_TARGET = 17.4;
				LOCALIZATION_PREFERS_STRING_CATALOGS = YES;
				MTL_ENABLE_DEBUG_INFO = INCLUDE_SOURCE;
				MTL_FAST_MATH = YES;
				ONLY_ACTIVE_ARCH = YES;
				SDKROOT = iphoneos;
				SWIFT_ACTIVE_COMPILATION_CONDITIONS = "DEBUG $(inherited)";
				SWIFT_OPTIMIZATION_LEVEL = "-Onone";
			};
			name = Debug;
		};
		7B27CAC92BAA2E86005EF785 /* Release */ = {
			isa = XCBuildConfiguration;
			buildSettings = {
				ALWAYS_SEARCH_USER_PATHS = NO;
				ASSETCATALOG_COMPILER_GENERATE_SWIFT_ASSET_SYMBOL_EXTENSIONS = YES;
				CLANG_ANALYZER_NONNULL = YES;
				CLANG_ANALYZER_NUMBER_OBJECT_CONVERSION = YES_AGGRESSIVE;
				CLANG_CXX_LANGUAGE_STANDARD = "gnu++20";
				CLANG_ENABLE_MODULES = YES;
				CLANG_ENABLE_OBJC_ARC = YES;
				CLANG_ENABLE_OBJC_WEAK = YES;
				CLANG_WARN_BLOCK_CAPTURE_AUTORELEASING = YES;
				CLANG_WARN_BOOL_CONVERSION = YES;
				CLANG_WARN_COMMA = YES;
				CLANG_WARN_CONSTANT_CONVERSION = YES;
				CLANG_WARN_DEPRECATED_OBJC_IMPLEMENTATIONS = YES;
				CLANG_WARN_DIRECT_OBJC_ISA_USAGE = YES_ERROR;
				CLANG_WARN_DOCUMENTATION_COMMENTS = YES;
				CLANG_WARN_EMPTY_BODY = YES;
				CLANG_WARN_ENUM_CONVERSION = YES;
				CLANG_WARN_INFINITE_RECURSION = YES;
				CLANG_WARN_INT_CONVERSION = YES;
				CLANG_WARN_NON_LITERAL_NULL_CONVERSION = YES;
				CLANG_WARN_OBJC_IMPLICIT_RETAIN_SELF = YES;
				CLANG_WARN_OBJC_LITERAL_CONVERSION = YES;
				CLANG_WARN_OBJC_ROOT_CLASS = YES_ERROR;
				CLANG_WARN_QUOTED_INCLUDE_IN_FRAMEWORK_HEADER = YES;
				CLANG_WARN_RANGE_LOOP_ANALYSIS = YES;
				CLANG_WARN_STRICT_PROTOTYPES = YES;
				CLANG_WARN_SUSPICIOUS_MOVE = YES;
				CLANG_WARN_UNGUARDED_AVAILABILITY = YES_AGGRESSIVE;
				CLANG_WARN_UNREACHABLE_CODE = YES;
				CLANG_WARN__DUPLICATE_METHOD_MATCH = YES;
				COPY_PHASE_STRIP = NO;
				DEBUG_INFORMATION_FORMAT = "dwarf-with-dsym";
				ENABLE_NS_ASSERTIONS = NO;
				ENABLE_STRICT_OBJC_MSGSEND = YES;
				ENABLE_USER_SCRIPT_SANDBOXING = YES;
				GCC_C_LANGUAGE_STANDARD = gnu17;
				GCC_NO_COMMON_BLOCKS = YES;
				GCC_WARN_64_TO_32_BIT_CONVERSION = YES;
				GCC_WARN_ABOUT_RETURN_TYPE = YES_ERROR;
				GCC_WARN_UNDECLARED_SELECTOR = YES;
				GCC_WARN_UNINITIALIZED_AUTOS = YES_AGGRESSIVE;
				GCC_WARN_UNUSED_FUNCTION = YES;
				GCC_WARN_UNUSED_VARIABLE = YES;
				IPHONEOS_DEPLOYMENT_TARGET = 17.4;
				LOCALIZATION_PREFERS_STRING_CATALOGS = YES;
				MTL_ENABLE_DEBUG_INFO = NO;
				MTL_FAST_MATH = YES;
				SDKROOT = iphoneos;
				SWIFT_COMPILATION_MODE = wholemodule;
				VALIDATE_PRODUCT = YES;
			};
			name = Release;
		};
		7B27CACB2BAA2E86005EF785 /* Debug */ = {
			isa = XCBuildConfiguration;
			buildSettings = {
				ASSETCATALOG_COMPILER_APPICON_NAME = AppIcon;
				ASSETCATALOG_COMPILER_GLOBAL_ACCENT_COLOR_NAME = AccentColor;
				CODE_SIGN_STYLE = Automatic;
				CURRENT_PROJECT_VERSION = 1;
				GENERATE_INFOPLIST_FILE = YES;
				INFOPLIST_FILE = "Team Project/Info.plist";
				INFOPLIST_KEY_UIApplicationSupportsIndirectInputEvents = YES;
				INFOPLIST_KEY_UILaunchStoryboardName = LaunchScreen;
				INFOPLIST_KEY_UISupportedInterfaceOrientations = UIInterfaceOrientationPortrait;
				INFOPLIST_KEY_UISupportedInterfaceOrientations_iPad = "UIInterfaceOrientationLandscapeLeft UIInterfaceOrientationLandscapeRight UIInterfaceOrientationPortrait UIInterfaceOrientationPortraitUpsideDown";
				IPHONEOS_DEPLOYMENT_TARGET = 14.0;
				LD_RUNPATH_SEARCH_PATHS = (
					"$(inherited)",
					"@executable_path/Frameworks",
				);
				MARKETING_VERSION = 1.0;
				PRODUCT_BUNDLE_IDENTIFIER = "iseedeadpeopleq.Team-Project";
				PRODUCT_NAME = "$(TARGET_NAME)";
				SUPPORTED_PLATFORMS = "iphoneos iphonesimulator";
				SUPPORTS_MACCATALYST = NO;
				SUPPORTS_MAC_DESIGNED_FOR_IPHONE_IPAD = NO;
				SUPPORTS_XR_DESIGNED_FOR_IPHONE_IPAD = NO;
				SWIFT_EMIT_LOC_STRINGS = YES;
				SWIFT_VERSION = 5.0;
				TARGETED_DEVICE_FAMILY = 1;
			};
			name = Debug;
		};
		7B27CACC2BAA2E86005EF785 /* Release */ = {
			isa = XCBuildConfiguration;
			buildSettings = {
				ASSETCATALOG_COMPILER_APPICON_NAME = AppIcon;
				ASSETCATALOG_COMPILER_GLOBAL_ACCENT_COLOR_NAME = AccentColor;
				CODE_SIGN_STYLE = Automatic;
				CURRENT_PROJECT_VERSION = 1;
				GENERATE_INFOPLIST_FILE = YES;
				INFOPLIST_FILE = "Team Project/Info.plist";
				INFOPLIST_KEY_UIApplicationSupportsIndirectInputEvents = YES;
				INFOPLIST_KEY_UILaunchStoryboardName = LaunchScreen;
				INFOPLIST_KEY_UISupportedInterfaceOrientations = UIInterfaceOrientationPortrait;
				INFOPLIST_KEY_UISupportedInterfaceOrientations_iPad = "UIInterfaceOrientationLandscapeLeft UIInterfaceOrientationLandscapeRight UIInterfaceOrientationPortrait UIInterfaceOrientationPortraitUpsideDown";
				IPHONEOS_DEPLOYMENT_TARGET = 14.0;
				LD_RUNPATH_SEARCH_PATHS = (
					"$(inherited)",
					"@executable_path/Frameworks",
				);
				MARKETING_VERSION = 1.0;
				PRODUCT_BUNDLE_IDENTIFIER = "iseedeadpeopleq.Team-Project";
				PRODUCT_NAME = "$(TARGET_NAME)";
				SUPPORTED_PLATFORMS = "iphoneos iphonesimulator";
				SUPPORTS_MACCATALYST = NO;
				SUPPORTS_MAC_DESIGNED_FOR_IPHONE_IPAD = NO;
				SUPPORTS_XR_DESIGNED_FOR_IPHONE_IPAD = NO;
				SWIFT_EMIT_LOC_STRINGS = YES;
				SWIFT_VERSION = 5.0;
				TARGETED_DEVICE_FAMILY = 1;
			};
			name = Release;
		};
/* End XCBuildConfiguration section */

/* Begin XCConfigurationList section */
		7B27CAB12BAA2E84005EF785 /* Build configuration list for PBXProject "Team Project" */ = {
			isa = XCConfigurationList;
			buildConfigurations = (
				7B27CAC82BAA2E86005EF785 /* Debug */,
				7B27CAC92BAA2E86005EF785 /* Release */,
			);
			defaultConfigurationIsVisible = 0;
			defaultConfigurationName = Release;
		};
		7B27CACA2BAA2E86005EF785 /* Build configuration list for PBXNativeTarget "Team Project" */ = {
			isa = XCConfigurationList;
			buildConfigurations = (
				7B27CACB2BAA2E86005EF785 /* Debug */,
				7B27CACC2BAA2E86005EF785 /* Release */,
			);
			defaultConfigurationIsVisible = 0;
			defaultConfigurationName = Release;
		};
/* End XCConfigurationList section */

/* Begin XCRemoteSwiftPackageReference section */
		FBC79BDA2BADBB2200F98F48 /* XCRemoteSwiftPackageReference "Alamofire" */ = {
			isa = XCRemoteSwiftPackageReference;
			repositoryURL = "https://github.com/Alamofire/Alamofire";
			requirement = {
				kind = upToNextMajorVersion;
				minimumVersion = 5.9.0;
			};
		};
/* End XCRemoteSwiftPackageReference section */

/* Begin XCSwiftPackageProductDependency section */
		FBC79BDB2BADBB2200F98F48 /* Alamofire */ = {
			isa = XCSwiftPackageProductDependency;
			package = FBC79BDA2BADBB2200F98F48 /* XCRemoteSwiftPackageReference "Alamofire" */;
			productName = Alamofire;
		};
		FBC79BDD2BADBB2200F98F48 /* AlamofireDynamic */ = {
			isa = XCSwiftPackageProductDependency;
			package = FBC79BDA2BADBB2200F98F48 /* XCRemoteSwiftPackageReference "Alamofire" */;
			productName = AlamofireDynamic;
		};
/* End XCSwiftPackageProductDependency section */

/* Begin XCVersionGroup section */
		114337CA2BAF7996008B0928 /* UserModel.xcdatamodeld */ = {
			isa = XCVersionGroup;
			children = (
				114337CB2BAF7996008B0928 /* UserModel.xcdatamodel */,
			);
			currentVersion = 114337CB2BAF7996008B0928 /* UserModel.xcdatamodel */;
			path = UserModel.xcdatamodeld;
			sourceTree = "<group>";
			versionGroupType = wrapper.xcdatamodel;
		};
/* End XCVersionGroup section */
	};
	rootObject = 7B27CAAE2BAA2E84005EF785 /* Project object */;
}
